
Microsoft Visual Studio Solution File, Format Version 12.00
# Visual Studio 15
VisualStudioVersion = 15.0.27703.2000
MinimumVisualStudioVersion = 10.0.40219.1
Project("{FAE04EC0-301F-11D3-BF4B-00C04F79EFBC}") = "Nobly.Extensions", "Nobly.Extensions\Nobly.Extensions.csproj", "{A86A2EC3-56D5-4D41-ACDB-C0B700A4A0B7}"
EndProject
Global
	GlobalSection(SolutionConfigurationPlatforms) = preSolution
		Debug|Any CPU = Debug|Any CPU
		Release|Any CPU = Release|Any CPU
	EndGlobalSection
	GlobalSection(ProjectConfigurationPlatforms) = postSolution
		{A86A2EC3-56D5-4D41-ACDB-C0B700A4A0B7}.Debug|Any CPU.ActiveCfg = Debug|Any CPU
		{A86A2EC3-56D5-4D41-ACDB-C0B700A4A0B7}.Debug|Any CPU.Build.0 = Debug|Any CPU
		{A86A2EC3-56D5-4D41-ACDB-C0B700A4A0B7}.Release|Any CPU.ActiveCfg = Release|Any CPU
		{A86A2EC3-56D5-4D41-ACDB-C0B700A4A0B7}.Release|Any CPU.Build.0 = Release|Any CPU
	EndGlobalSection
	GlobalSection(SolutionProperties) = preSolution
		HideSolutionNode = FALSE
	EndGlobalSection
	GlobalSection(ExtensibilityGlobals) = postSolution
		SolutionGuid = {A677C132-9F71-48CB-96B8-29A6EFA4D394}
	EndGlobalSection
EndGlobal
